
Microsoft Visual Studio Solution File, Format Version 12.00
# Visual Studio 15
VisualStudioVersion = 15.0.28010.2036
MinimumVisualStudioVersion = 10.0.40219.1
Project("{FAE04EC0-301F-11D3-BF4B-00C04F79EFBC}") = "WebApp_CDU", "WebApp_CDU\WebApp_CDU.csproj", "{816582F5-29C0-4648-851C-9F0ADA0944E7}"
EndProject
Global
	GlobalSection(SolutionConfigurationPlatforms) = preSolution
		Debug|Any CPU = Debug|Any CPU
		Release|Any CPU = Release|Any CPU
	EndGlobalSection
	GlobalSection(ProjectConfigurationPlatforms) = postSolution
		{816582F5-29C0-4648-851C-9F0ADA0944E7}.Debug|Any CPU.ActiveCfg = Debug|Any CPU
		{816582F5-29C0-4648-851C-9F0ADA0944E7}.Debug|Any CPU.Build.0 = Debug|Any CPU
		{816582F5-29C0-4648-851C-9F0ADA0944E7}.Release|Any CPU.ActiveCfg = Release|Any CPU
		{816582F5-29C0-4648-851C-9F0ADA0944E7}.Release|Any CPU.Build.0 = Release|Any CPU
	EndGlobalSection
	GlobalSection(SolutionProperties) = preSolution
		HideSolutionNode = FALSE
	EndGlobalSection
	GlobalSection(ExtensibilityGlobals) = postSolution
		SolutionGuid = {BB5DDB0B-2D94-49A8-A24B-3CF9B6DD8DA7}
	EndGlobalSection
EndGlobal
